
Microsoft Visual Studio Solution File, Format Version 12.00
# Visual Studio Version 17
VisualStudioVersion = 17.7.34221.43
MinimumVisualStudioVersion = 10.0.40219.1
Project("{FAE04EC0-301F-11D3-BF4B-00C04F79EFBC}") = "hotel", "hotel\hotel.csproj", "{47599088-5564-431D-A5B3-5B3DBA66042A}"
EndProject
Global
	GlobalSection(SolutionConfigurationPlatforms) = preSolution
		Debug|Any CPU = Debug|Any CPU
		Release|Any CPU = Release|Any CPU
	EndGlobalSection
	GlobalSection(ProjectConfigurationPlatforms) = postSolution
		{47599088-5564-431D-A5B3-5B3DBA66042A}.Debug|Any CPU.ActiveCfg = Debug|Any CPU
		{47599088-5564-431D-A5B3-5B3DBA66042A}.Debug|Any CPU.Build.0 = Debug|Any CPU
		{47599088-5564-431D-A5B3-5B3DBA66042A}.Release|Any CPU.ActiveCfg = Release|Any CPU
		{47599088-5564-431D-A5B3-5B3DBA66042A}.Release|Any CPU.Build.0 = Release|Any CPU
	EndGlobalSection
	GlobalSection(SolutionProperties) = preSolution
		HideSolutionNode = FALSE
	EndGlobalSection
	GlobalSection(ExtensibilityGlobals) = postSolution
		SolutionGuid = {8CE3DEC7-4BC9-4163-B397-409CEA40D3A9}
	EndGlobalSection
EndGlobal
